// !$*UTF8*$!
{
	archiveVersion = 1;
	classes = {
	};
	objectVersion = 50;
	objects = {

/* Begin PBXBuildFile section */
		5252821325D484F800E77737 /* AppDelegate.swift in Sources */ = {isa = PBXBuildFile; fileRef = 5252821225D484F800E77737 /* AppDelegate.swift */; };
		5252821525D484F800E77737 /* SceneDelegate.swift in Sources */ = {isa = PBXBuildFile; fileRef = 5252821425D484F800E77737 /* SceneDelegate.swift */; };
		5252821725D484F800E77737 /* ViewController.swift in Sources */ = {isa = PBXBuildFile; fileRef = 5252821625D484F800E77737 /* ViewController.swift */; };
		5252821A25D484F800E77737 /* Main.storyboard in Resources */ = {isa = PBXBuildFile; fileRef = 5252821825D484F800E77737 /* Main.storyboard */; };
		5252821C25D484FD00E77737 /* Assets.xcassets in Resources */ = {isa = PBXBuildFile; fileRef = 5252821B25D484FD00E77737 /* Assets.xcassets */; };
		5252821F25D484FD00E77737 /* LaunchScreen.storyboard in Resources */ = {isa = PBXBuildFile; fileRef = 5252821D25D484FD00E77737 /* LaunchScreen.storyboard */; };
		5252822A25D484FD00E77737 /* Videoke_Agora1Tests.swift in Sources */ = {isa = PBXBuildFile; fileRef = 5252822925D484FD00E77737 /* Videoke_Agora1Tests.swift */; };
		5252823525D484FD00E77737 /* Videoke_Agora1UITests.swift in Sources */ = {isa = PBXBuildFile; fileRef = 5252823425D484FD00E77737 /* Videoke_Agora1UITests.swift */; };
/* End PBXBuildFile section */

/* Begin PBXContainerItemProxy section */
		5252822625D484FD00E77737 /* PBXContainerItemProxy */ = {
			isa = PBXContainerItemProxy;
			containerPortal = 5252820725D484F800E77737 /* Project object */;
			proxyType = 1;
			remoteGlobalIDString = 5252820E25D484F800E77737;
			remoteInfo = Videoke_Agora1;
		};
		5252823125D484FD00E77737 /* PBXContainerItemProxy */ = {
			isa = PBXContainerItemProxy;
			containerPortal = 5252820725D484F800E77737 /* Project object */;
			proxyType = 1;
			remoteGlobalIDString = 5252820E25D484F800E77737;
			remoteInfo = Videoke_Agora1;
		};
/* End PBXContainerItemProxy section */

/* Begin PBXFileReference section */
		5252820F25D484F800E77737 /* Videoke_Agora1.app */ = {isa = PBXFileReference; explicitFileType = wrapper.application; includeInIndex = 0; path = Videoke_Agora1.app; sourceTree = BUILT_PRODUCTS_DIR; };
		5252821225D484F800E77737 /* AppDelegate.swift */ = {isa = PBXFileReference; lastKnownFileType = sourcecode.swift; path = AppDelegate.swift; sourceTree = "<group>"; };
		5252821425D484F800E77737 /* SceneDelegate.swift */ = {isa = PBXFileReference; lastKnownFileType = sourcecode.swift; path = SceneDelegate.swift; sourceTree = "<group>"; };
		5252821625D484F800E77737 /* ViewController.swift */ = {isa = PBXFileReference; lastKnownFileType = sourcecode.swift; path = ViewController.swift; sourceTree = "<group>"; };
		5252821925D484F800E77737 /* Base */ = {isa = PBXFileReference; lastKnownFileType = file.storyboard; name = Base; path = Base.lproj/Main.storyboard; sourceTree = "<group>"; };
		5252821B25D484FD00E77737 /* Assets.xcassets */ = {isa = PBXFileReference; lastKnownFileType = folder.assetcatalog; path = Assets.xcassets; sourceTree = "<group>"; };
		5252821E25D484FD00E77737 /* Base */ = {isa = PBXFileReference; lastKnownFileType = file.storyboard; name = Base; path = Base.lproj/LaunchScreen.storyboard; sourceTree = "<group>"; };
		5252822025D484FD00E77737 /* Info.plist */ = {isa = PBXFileReference; lastKnownFileType = text.plist.xml; path = Info.plist; sourceTree = "<group>"; };
		5252822525D484FD00E77737 /* Videoke_Agora1Tests.xctest */ = {isa = PBXFileReference; explicitFileType = wrapper.cfbundle; includeInIndex = 0; path = Videoke_Agora1Tests.xctest; sourceTree = BUILT_PRODUCTS_DIR; };
		5252822925D484FD00E77737 /* Videoke_Agora1Tests.swift */ = {isa = PBXFileReference; lastKnownFileType = sourcecode.swift; path = Videoke_Agora1Tests.swift; sourceTree = "<group>"; };
		5252822B25D484FD00E77737 /* Info.plist */ = {isa = PBXFileReference; lastKnownFileType = text.plist.xml; path = Info.plist; sourceTree = "<group>"; };
		5252823025D484FD00E77737 /* Videoke_Agora1UITests.xctest */ = {isa = PBXFileReference; explicitFileType = wrapper.cfbundle; includeInIndex = 0; path = Videoke_Agora1UITests.xctest; sourceTree = BUILT_PRODUCTS_DIR; };
		5252823425D484FD00E77737 /* Videoke_Agora1UITests.swift */ = {isa = PBXFileReference; lastKnownFileType = sourcecode.swift; path = Videoke_Agora1UITests.swift; sourceTree = "<group>"; };
		5252823625D484FD00E77737 /* Info.plist */ = {isa = PBXFileReference; lastKnownFileType = text.plist.xml; path = Info.plist; sourceTree = "<group>"; };
/* End PBXFileReference section */

/* Begin PBXFrameworksBuildPhase section */
		5252820C25D484F800E77737 /* Frameworks */ = {
			isa = PBXFrameworksBuildPhase;
			buildActionMask = 2147483647;
			files = (
			);
			runOnlyForDeploymentPostprocessing = 0;
		};
		5252822225D484FD00E77737 /* Frameworks */ = {
			isa = PBXFrameworksBuildPhase;
			buildActionMask = 2147483647;
			files = (
			);
			runOnlyForDeploymentPostprocessing = 0;
		};
		5252822D25D484FD00E77737 /* Frameworks */ = {
			isa = PBXFrameworksBuildPhase;
			buildActionMask = 2147483647;
			files = (
			);
			runOnlyForDeploymentPostprocessing = 0;
		};
/* End PBXFrameworksBuildPhase section */

/* Begin PBXGroup section */
		5252820625D484F800E77737 = {
			isa = PBXGroup;
			children = (
				5252821125D484F800E77737 /* Videoke_Agora1 */,
				5252822825D484FD00E77737 /* Videoke_Agora1Tests */,
				5252823325D484FD00E77737 /* Videoke_Agora1UITests */,
				5252821025D484F800E77737 /* Products */,
			);
			sourceTree = "<group>";
		};
		5252821025D484F800E77737 /* Products */ = {
			isa = PBXGroup;
			children = (
				5252820F25D484F800E77737 /* Videoke_Agora1.app */,
				5252822525D484FD00E77737 /* Videoke_Agora1Tests.xctest */,
				5252823025D484FD00E77737 /* Videoke_Agora1UITests.xctest */,
			);
			name = Products;
			sourceTree = "<group>";
		};
		5252821125D484F800E77737 /* Videoke_Agora1 */ = {
			isa = PBXGroup;
			children = (
				5252821225D484F800E77737 /* AppDelegate.swift */,
				5252821425D484F800E77737 /* SceneDelegate.swift */,
				5252821625D484F800E77737 /* ViewController.swift */,
				5252821825D484F800E77737 /* Main.storyboard */,
				5252821B25D484FD00E77737 /* Assets.xcassets */,
				5252821D25D484FD00E77737 /* LaunchScreen.storyboard */,
				5252822025D484FD00E77737 /* Info.plist */,
			);
			path = Videoke_Agora1;
			sourceTree = "<group>";
		};
		5252822825D484FD00E77737 /* Videoke_Agora1Tests */ = {
			isa = PBXGroup;
			children = (
				5252822925D484FD00E77737 /* Videoke_Agora1Tests.swift */,
				5252822B25D484FD00E77737 /* Info.plist */,
			);
			path = Videoke_Agora1Tests;
			sourceTree = "<group>";
		};
		5252823325D484FD00E77737 /* Videoke_Agora1UITests */ = {
			isa = PBXGroup;
			children = (
				5252823425D484FD00E77737 /* Videoke_Agora1UITests.swift */,
				5252823625D484FD00E77737 /* Info.plist */,
			);
			path = Videoke_Agora1UITests;
			sourceTree = "<group>";
		};
/* End PBXGroup section */

/* Begin PBXNativeTarget section */
		5252820E25D484F800E77737 /* Videoke_Agora1 */ = {
			isa = PBXNativeTarget;
			buildConfigurationList = 5252823925D484FD00E77737 /* Build configuration list for PBXNativeTarget "Videoke_Agora1" */;
			buildPhases = (
				5252820B25D484F800E77737 /* Sources */,
				5252820C25D484F800E77737 /* Frameworks */,
				5252820D25D484F800E77737 /* Resources */,
			);
			buildRules = (
			);
			dependencies = (
			);
			name = Videoke_Agora1;
			productName = Videoke_Agora1;
			productReference = 5252820F25D484F800E77737 /* Videoke_Agora1.app */;
			productType = "com.apple.product-type.application";
		};
		5252822425D484FD00E77737 /* Videoke_Agora1Tests */ = {
			isa = PBXNativeTarget;
			buildConfigurationList = 5252823C25D484FD00E77737 /* Build configuration list for PBXNativeTarget "Videoke_Agora1Tests" */;
			buildPhases = (
				5252822125D484FD00E77737 /* Sources */,
				5252822225D484FD00E77737 /* Frameworks */,
				5252822325D484FD00E77737 /* Resources */,
			);
			buildRules = (
			);
			dependencies = (
				5252822725D484FD00E77737 /* PBXTargetDependency */,
			);
			name = Videoke_Agora1Tests;
			productName = Videoke_Agora1Tests;
			productReference = 5252822525D484FD00E77737 /* Videoke_Agora1Tests.xctest */;
			productType = "com.apple.product-type.bundle.unit-test";
		};
		5252822F25D484FD00E77737 /* Videoke_Agora1UITests */ = {
			isa = PBXNativeTarget;
			buildConfigurationList = 5252823F25D484FD00E77737 /* Build configuration list for PBXNativeTarget "Videoke_Agora1UITests" */;
			buildPhases = (
				5252822C25D484FD00E77737 /* Sources */,
				5252822D25D484FD00E77737 /* Frameworks */,
				5252822E25D484FD00E77737 /* Resources */,
			);
			buildRules = (
			);
			dependencies = (
				5252823225D484FD00E77737 /* PBXTargetDependency */,
			);
			name = Videoke_Agora1UITests;
			productName = Videoke_Agora1UITests;
			productReference = 5252823025D484FD00E77737 /* Videoke_Agora1UITests.xctest */;
			productType = "com.apple.product-type.bundle.ui-testing";
		};
/* End PBXNativeTarget section */

/* Begin PBXProject section */
		5252820725D484F800E77737 /* Project object */ = {
			isa = PBXProject;
			attributes = {
				LastSwiftUpdateCheck = 1210;
				LastUpgradeCheck = 1210;
				TargetAttributes = {
					5252820E25D484F800E77737 = {
						CreatedOnToolsVersion = 12.1;
					};
					5252822425D484FD00E77737 = {
						CreatedOnToolsVersion = 12.1;
						TestTargetID = 5252820E25D484F800E77737;
					};
					5252822F25D484FD00E77737 = {
						CreatedOnToolsVersion = 12.1;
						TestTargetID = 5252820E25D484F800E77737;
					};
				};
			};
			buildConfigurationList = 5252820A25D484F800E77737 /* Build configuration list for PBXProject "Videoke_Agora1" */;
			compatibilityVersion = "Xcode 9.3";
			developmentRegion = en;
			hasScannedForEncodings = 0;
			knownRegions = (
				en,
				Base,
			);
			mainGroup = 5252820625D484F800E77737;
			productRefGroup = 5252821025D484F800E77737 /* Products */;
			projectDirPath = "";
			projectRoot = "";
			targets = (
				5252820E25D484F800E77737 /* Videoke_Agora1 */,
				5252822425D484FD00E77737 /* Videoke_Agora1Tests */,
				5252822F25D484FD00E77737 /* Videoke_Agora1UITests */,
			);
		};
/* End PBXProject section */

/* Begin PBXResourcesBuildPhase section */
		5252820D25D484F800E77737 /* Resources */ = {
			isa = PBXResourcesBuildPhase;
			buildActionMask = 2147483647;
			files = (
				5252821F25D484FD00E77737 /* LaunchScreen.storyboard in Resources */,
				5252821C25D484FD00E77737 /* Assets.xcassets in Resources */,
				5252821A25D484F800E77737 /* Main.storyboard in Resources */,
			);
			runOnlyForDeploymentPostprocessing = 0;
		};
		5252822325D484FD00E77737 /* Resources */ = {
			isa = PBXResourcesBuildPhase;
			buildActionMask = 2147483647;
			files = (
			);
			runOnlyForDeploymentPostprocessing = 0;
		};
		5252822E25D484FD00E77737 /* Resources */ = {
			isa = PBXResourcesBuildPhase;
			buildActionMask = 2147483647;
			files = (
			);
			runOnlyForDeploymentPostprocessing = 0;
		};
/* End PBXResourcesBuildPhase section */

/* Begin PBXSourcesBuildPhase section */
		5252820B25D484F800E77737 /* Sources */ = {
			isa = PBXSourcesBuildPhase;
			buildActionMask = 2147483647;
			files = (
				5252821725D484F800E77737 /* ViewController.swift in Sources */,
				5252821325D484F800E77737 /* AppDelegate.swift in Sources */,
				5252821525D484F800E77737 /* SceneDelegate.swift in Sources */,
			);
			runOnlyForDeploymentPostprocessing = 0;
		};
		5252822125D484FD00E77737 /* Sources */ = {
			isa = PBXSourcesBuildPhase;
			buildActionMask = 2147483647;
			files = (
				5252822A25D484FD00E77737 /* Videoke_Agora1Tests.swift in Sources */,
			);
			runOnlyForDeploymentPostprocessing = 0;
		};
		5252822C25D484FD00E77737 /* Sources */ = {
			isa = PBXSourcesBuildPhase;
			buildActionMask = 2147483647;
			files = (
				5252823525D484FD00E77737 /* Videoke_Agora1UITests.swift in Sources */,
			);
			runOnlyForDeploymentPostprocessing = 0;
		};
/* End PBXSourcesBuildPhase section */

/* Begin PBXTargetDependency section */
		5252822725D484FD00E77737 /* PBXTargetDependency */ = {
			isa = PBXTargetDependency;
			target = 5252820E25D484F800E77737 /* Videoke_Agora1 */;
			targetProxy = 5252822625D484FD00E77737 /* PBXContainerItemProxy */;
		};
		5252823225D484FD00E77737 /* PBXTargetDependency */ = {
			isa = PBXTargetDependency;
			target = 5252820E25D484F800E77737 /* Videoke_Agora1 */;
			targetProxy = 5252823125D484FD00E77737 /* PBXContainerItemProxy */;
		};
/* End PBXTargetDependency section */

/* Begin PBXVariantGroup section */
		5252821825D484F800E77737 /* Main.storyboard */ = {
			isa = PBXVariantGroup;
			children = (
				5252821925D484F800E77737 /* Base */,
			);
			name = Main.storyboard;
			sourceTree = "<group>";
		};
		5252821D25D484FD00E77737 /* LaunchScreen.storyboard */ = {
			isa = PBXVariantGroup;
			children = (
				5252821E25D484FD00E77737 /* Base */,
			);
			name = LaunchScreen.storyboard;
			sourceTree = "<group>";
		};
/* End PBXVariantGroup section */

/* Begin XCBuildConfiguration section */
		5252823725D484FD00E77737 /* Debug */ = {
			isa = XCBuildConfiguration;
			buildSettings = {
				ALWAYS_SEARCH_USER_PATHS = NO;
				CLANG_ANALYZER_NONNULL = YES;
				CLANG_ANALYZER_NUMBER_OBJECT_CONVERSION = YES_AGGRESSIVE;
				CLANG_CXX_LANGUAGE_STANDARD = "gnu++14";
				CLANG_CXX_LIBRARY = "libc++";
				CLANG_ENABLE_MODULES = YES;
				CLANG_ENABLE_OBJC_ARC = YES;
				CLANG_ENABLE_OBJC_WEAK = YES;
				CLANG_WARN_BLOCK_CAPTURE_AUTORELEASING = YES;
				CLANG_WARN_BOOL_CONVERSION = YES;
				CLANG_WARN_COMMA = YES;
				CLANG_WARN_CONSTANT_CONVERSION = YES;
				CLANG_WARN_DEPRECATED_OBJC_IMPLEMENTATIONS = YES;
				CLANG_WARN_DIRECT_OBJC_ISA_USAGE = YES_ERROR;
				CLANG_WARN_DOCUMENTATION_COMMENTS = YES;
				CLANG_WARN_EMPTY_BODY = YES;
				CLANG_WARN_ENUM_CONVERSION = YES;
				CLANG_WARN_INFINITE_RECURSION = YES;
				CLANG_WARN_INT_CONVERSION = YES;
				CLANG_WARN_NON_LITERAL_NULL_CONVERSION = YES;
				CLANG_WARN_OBJC_IMPLICIT_RETAIN_SELF = YES;
				CLANG_WARN_OBJC_LITERAL_CONVERSION = YES;
				CLANG_WARN_OBJC_ROOT_CLASS = YES_ERROR;
				CLANG_WARN_QUOTED_INCLUDE_IN_FRAMEWORK_HEADER = YES;
				CLANG_WARN_RANGE_LOOP_ANALYSIS = YES;
				CLANG_WARN_STRICT_PROTOTYPES = YES;
				CLANG_WARN_SUSPICIOUS_MOVE = YES;
				CLANG_WARN_UNGUARDED_AVAILABILITY = YES_AGGRESSIVE;
				CLANG_WARN_UNREACHABLE_CODE = YES;
				CLANG_WARN__DUPLICATE_METHOD_MATCH = YES;
				COPY_PHASE_STRIP = NO;
				DEBUG_INFORMATION_FORMAT = dwarf;
				ENABLE_STRICT_OBJC_MSGSEND = YES;
				ENABLE_TESTABILITY = YES;
				GCC_C_LANGUAGE_STANDARD = gnu11;
				GCC_DYNAMIC_NO_PIC = NO;
				GCC_NO_COMMON_BLOCKS = YES;
				GCC_OPTIMIZATION_LEVEL = 0;
				GCC_PREPROCESSOR_DEFINITIONS = (
					"DEBUG=1",
					"$(inherited)",
				);
				GCC_WARN_64_TO_32_BIT_CONVERSION = YES;
				GCC_WARN_ABOUT_RETURN_TYPE = YES_ERROR;
				GCC_WARN_UNDECLARED_SELECTOR = YES;
				GCC_WARN_UNINITIALIZED_AUTOS = YES_AGGRESSIVE;
				GCC_WARN_UNUSED_FUNCTION = YES;
				GCC_WARN_UNUSED_VARIABLE = YES;
				IPHONEOS_DEPLOYMENT_TARGET = 14.1;
				MTL_ENABLE_DEBUG_INFO = INCLUDE_SOURCE;
				MTL_FAST_MATH = YES;
				ONLY_ACTIVE_ARCH = YES;
				SDKROOT = iphoneos;
				SWIFT_ACTIVE_COMPILATION_CONDITIONS = DEBUG;
				SWIFT_OPTIMIZATION_LEVEL = "-Onone";
			};
			name = Debug;
		};
		5252823825D484FD00E77737 /* Release */ = {
			isa = XCBuildConfiguration;
			buildSettings = {
				ALWAYS_SEARCH_USER_PATHS = NO;
				CLANG_ANALYZER_NONNULL = YES;
				CLANG_ANALYZER_NUMBER_OBJECT_CONVERSION = YES_AGGRESSIVE;
				CLANG_CXX_LANGUAGE_STANDARD = "gnu++14";
				CLANG_CXX_LIBRARY = "libc++";
				CLANG_ENABLE_MODULES = YES;
				CLANG_ENABLE_OBJC_ARC = YES;
				CLANG_ENABLE_OBJC_WEAK = YES;
				CLANG_WARN_BLOCK_CAPTURE_AUTORELEASING = YES;
				CLANG_WARN_BOOL_CONVERSION = YES;
				CLANG_WARN_COMMA = YES;
				CLANG_WARN_CONSTANT_CONVERSION = YES;
				CLANG_WARN_DEPRECATED_OBJC_IMPLEMENTATIONS = YES;
				CLANG_WARN_DIRECT_OBJC_ISA_USAGE = YES_ERROR;
				CLANG_WARN_DOCUMENTATION_COMMENTS = YES;
				CLANG_WARN_EMPTY_BODY = YES;
				CLANG_WARN_ENUM_CONVERSION = YES;
				CLANG_WARN_INFINITE_RECURSION = YES;
				CLANG_WARN_INT_CONVERSION = YES;
				CLANG_WARN_NON_LITERAL_NULL_CONVERSION = YES;
				CLANG_WARN_OBJC_IMPLICIT_RETAIN_SELF = YES;
				CLANG_WARN_OBJC_LITERAL_CONVERSION = YES;
				CLANG_WARN_OBJC_ROOT_CLASS = YES_ERROR;
				CLANG_WARN_QUOTED_INCLUDE_IN_FRAMEWORK_HEADER = YES;
				CLANG_WARN_RANGE_LOOP_ANALYSIS = YES;
				CLANG_WARN_STRICT_PROTOTYPES = YES;
				CLANG_WARN_SUSPICIOUS_MOVE = YES;
				CLANG_WARN_UNGUARDED_AVAILABILITY = YES_AGGRESSIVE;
				CLANG_WARN_UNREACHABLE_CODE = YES;
				CLANG_WARN__DUPLICATE_METHOD_MATCH = YES;
				COPY_PHASE_STRIP = NO;
				DEBUG_INFORMATION_FORMAT = "dwarf-with-dsym";
				ENABLE_NS_ASSERTIONS = NO;
				ENABLE_STRICT_OBJC_MSGSEND = YES;
				GCC_C_LANGUAGE_STANDARD = gnu11;
				GCC_NO_COMMON_BLOCKS = YES;
				GCC_WARN_64_TO_32_BIT_CONVERSION = YES;
				GCC_WARN_ABOUT_RETURN_TYPE = YES_ERROR;
				GCC_WARN_UNDECLARED_SELECTOR = YES;
				GCC_WARN_UNINITIALIZED_AUTOS = YES_AGGRESSIVE;
				GCC_WARN_UNUSED_FUNCTION = YES;
				GCC_WARN_UNUSED_VARIABLE = YES;
				IPHONEOS_DEPLOYMENT_TARGET = 14.1;
				MTL_ENABLE_DEBUG_INFO = NO;
				MTL_FAST_MATH = YES;
				SDKROOT = iphoneos;
				SWIFT_COMPILATION_MODE = wholemodule;
				SWIFT_OPTIMIZATION_LEVEL = "-O";
				VALIDATE_PRODUCT = YES;
			};
			name = Release;
		};
		5252823A25D484FD00E77737 /* Debug */ = {
			isa = XCBuildConfiguration;
			buildSettings = {
				ASSETCATALOG_COMPILER_APPICON_NAME = AppIcon;
				ASSETCATALOG_COMPILER_GLOBAL_ACCENT_COLOR_NAME = AccentColor;
				CODE_SIGN_STYLE = Automatic;
				DEVELOPMENT_TEAM = 2Y66SPKKYM;
				INFOPLIST_FILE = Videoke_Agora1/Info.plist;
				LD_RUNPATH_SEARCH_PATHS = (
					"$(inherited)",
					"@executable_path/Frameworks",
				);
				PRODUCT_BUNDLE_IDENTIFIER = "com.videoke.Videoke-Agora1";
				PRODUCT_NAME = "$(TARGET_NAME)";
				SWIFT_VERSION = 5.0;
				TARGETED_DEVICE_FAMILY = "1,2";
			};
			name = Debug;
		};
		5252823B25D484FD00E77737 /* Release */ = {
			isa = XCBuildConfiguration;
			buildSettings = {
				ASSETCATALOG_COMPILER_APPICON_NAME = AppIcon;
				ASSETCATALOG_COMPILER_GLOBAL_ACCENT_COLOR_NAME = AccentColor;
				CODE_SIGN_STYLE = Automatic;
				DEVELOPMENT_TEAM = 2Y66SPKKYM;
				INFOPLIST_FILE = Videoke_Agora1/Info.plist;
				LD_RUNPATH_SEARCH_PATHS = (
					"$(inherited)",
					"@executable_path/Frameworks",
				);
				PRODUCT_BUNDLE_IDENTIFIER = "com.videoke.Videoke-Agora1";
				PRODUCT_NAME = "$(TARGET_NAME)";
				SWIFT_VERSION = 5.0;
				TARGETED_DEVICE_FAMILY = "1,2";
			};
			name = Release;
		};
		5252823D25D484FD00E77737 /* Debug */ = {
			isa = XCBuildConfiguration;
			buildSettings = {
				ALWAYS_EMBED_SWIFT_STANDARD_LIBRARIES = YES;
				BUNDLE_LOADER = "$(TEST_HOST)";
				CODE_SIGN_STYLE = Automatic;
				DEVELOPMENT_TEAM = 2Y66SPKKYM;
				INFOPLIST_FILE = Videoke_Agora1Tests/Info.plist;
				IPHONEOS_DEPLOYMENT_TARGET = 14.1;
				LD_RUNPATH_SEARCH_PATHS = (
					"$(inherited)",
					"@executable_path/Frameworks",
					"@loader_path/Frameworks",
				);
				PRODUCT_BUNDLE_IDENTIFIER = "com.videoke.Videoke-Agora1Tests";
				PRODUCT_NAME = "$(TARGET_NAME)";
				SWIFT_VERSION = 5.0;
				TARGETED_DEVICE_FAMILY = "1,2";
				TEST_HOST = "$(BUILT_PRODUCTS_DIR)/Videoke_Agora1.app/Videoke_Agora1";
			};
			name = Debug;
		};
		5252823E25D484FD00E77737 /* Release */ = {
			isa = XCBuildConfiguration;
			buildSettings = {
				ALWAYS_EMBED_SWIFT_STANDARD_LIBRARIES = YES;
				BUNDLE_LOADER = "$(TEST_HOST)";
				CODE_SIGN_STYLE = Automatic;
				DEVELOPMENT_TEAM = 2Y66SPKKYM;
				INFOPLIST_FILE = Videoke_Agora1Tests/Info.plist;
				IPHONEOS_DEPLOYMENT_TARGET = 14.1;
				LD_RUNPATH_SEARCH_PATHS = (
					"$(inherited)",
					"@executable_path/Frameworks",
					"@loader_path/Frameworks",
				);
				PRODUCT_BUNDLE_IDENTIFIER = "com.videoke.Videoke-Agora1Tests";
				PRODUCT_NAME = "$(TARGET_NAME)";
				SWIFT_VERSION = 5.0;
				TARGETED_DEVICE_FAMILY = "1,2";
				TEST_HOST = "$(BUILT_PRODUCTS_DIR)/Videoke_Agora1.app/Videoke_Agora1";
			};
			name = Release;
		};
		5252824025D484FD00E77737 /* Debug */ = {
			isa = XCBuildConfiguration;
			buildSettings = {
				ALWAYS_EMBED_SWIFT_STANDARD_LIBRARIES = YES;
				CODE_SIGN_STYLE = Automatic;
				DEVELOPMENT_TEAM = 2Y66SPKKYM;
				INFOPLIST_FILE = Videoke_Agora1UITests/Info.plist;
				LD_RUNPATH_SEARCH_PATHS = (
					"$(inherited)",
					"@executable_path/Frameworks",
					"@loader_path/Frameworks",
				);
				PRODUCT_BUNDLE_IDENTIFIER = "com.videoke.Videoke-Agora1UITests";
				PRODUCT_NAME = "$(TARGET_NAME)";
				SWIFT_VERSION = 5.0;
				TARGETED_DEVICE_FAMILY = "1,2";
				TEST_TARGET_NAME = Videoke_Agora1;
			};
			name = Debug;
		};
		5252824125D484FD00E77737 /* Release */ = {
			isa = XCBuildConfiguration;
			buildSettings = {
				ALWAYS_EMBED_SWIFT_STANDARD_LIBRARIES = YES;
				CODE_SIGN_STYLE = Automatic;
				DEVELOPMENT_TEAM = 2Y66SPKKYM;
				INFOPLIST_FILE = Videoke_Agora1UITests/Info.plist;
				LD_RUNPATH_SEARCH_PATHS = (
					"$(inherited)",
					"@executable_path/Frameworks",
					"@loader_path/Frameworks",
				);
				PRODUCT_BUNDLE_IDENTIFIER = "com.videoke.Videoke-Agora1UITests";
				PRODUCT_NAME = "$(TARGET_NAME)";
				SWIFT_VERSION = 5.0;
				TARGETED_DEVICE_FAMILY = "1,2";
				TEST_TARGET_NAME = Videoke_Agora1;
			};
			name = Release;
		};
/* End XCBuildConfiguration section */

/* Begin XCConfigurationList section */
		5252820A25D484F800E77737 /* Build configuration list for PBXProject "Videoke_Agora1" */ = {
			isa = XCConfigurationList;
			buildConfigurations = (
				5252823725D484FD00E77737 /* Debug */,
				5252823825D484FD00E77737 /* Release */,
			);
			defaultConfigurationIsVisible = 0;
			defaultConfigurationName = Release;
		};
		5252823925D484FD00E77737 /* Build configuration list for PBXNativeTarget "Videoke_Agora1" */ = {
			isa = XCConfigurationList;
			buildConfigurations = (
				5252823A25D484FD00E77737 /* Debug */,
				5252823B25D484FD00E77737 /* Release */,
			);
			defaultConfigurationIsVisible = 0;
			defaultConfigurationName = Release;
		};
		5252823C25D484FD00E77737 /* Build configuration list for PBXNativeTarget "Videoke_Agora1Tests" */ = {
			isa = XCConfigurationList;
			buildConfigurations = (
				5252823D25D484FD00E77737 /* Debug */,
				5252823E25D484FD00E77737 /* Release */,
			);
			defaultConfigurationIsVisible = 0;
			defaultConfigurationName = Release;
		};
		5252823F25D484FD00E77737 /* Build configuration list for PBXNativeTarget "Videoke_Agora1UITests" */ = {
			isa = XCConfigurationList;
			buildConfigurations = (
				5252824025D484FD00E77737 /* Debug */,
				5252824125D484FD00E77737 /* Release */,
			);
			defaultConfigurationIsVisible = 0;
			defaultConfigurationName = Release;
		};
/* End XCConfigurationList section */
	};
	rootObject = 5252820725D484F800E77737 /* Project object */;
}
